<?xml version="1.0" encoding="utf-8"?>
<Project ToolsVersion="4.0" xmlns="http://schemas.microsoft.com/developer/msbuild/2003">
  <ItemGroup>
    <ClInclude Include="src\Core\Application.h" />
    <ClInclude Include="src\Core\AssetsManager.h" />
    <ClInclude Include="src\Core\Logger.h" />
    <ClInclude Include="src\Core\Window.h" />
    <ClInclude Include="src\EntityState\Entity.h" />
    <ClInclude Include="src\EntityState\Animation.h" />
    <ClInclude Include="src\EntityState\State.h" />
    <ClInclude Include="src\EntityState\StatesManager.h" />
    <ClInclude Include="src\GameApp\Box.h" />
    <ClInclude Include="src\GameApp\Floor.h" />
    <ClInclude Include="src\GameApp\Player.h" />
    <ClInclude Include="src\GameApp\TileMap.h" />
    <ClInclude Include="src\GameApp\Wall.h" />
    <ClInclude Include="src\UI\UIButton.h" />
    <ClInclude Include="src\UI\UIElement.h" />
    <ClInclude Include="src\UI\UIText.h" />
    <ClInclude Include="src\GameApp\LevelSelection.h" />
    <ClInclude Include="src\GameApp\MainMenu.h" />
    <ClInclude Include="src\GameApp\GamePlay.h" />
    <ClInclude Include="src\GameApp\PushTheBox.h" />
  </ItemGroup>
  <ItemGroup>
    <ClCompile Include="src\Core\Application.cpp" />
    <ClCompile Include="src\Core\AssetsManager.cpp" />
    <ClCompile Include="src\Core\Logger.cpp" />
    <ClCompile Include="src\Core\Window.cpp" />
    <ClCompile Include="src\EntityState\Animation.cpp" />
    <ClCompile Include="src\EntityState\Entity.cpp" />
    <ClCompile Include="src\EntityState\State.cpp" />
    <ClCompile Include="src\EntityState\StatesManager.cpp" />
    <ClCompile Include="src\GameApp\Box.cpp" />
    <ClCompile Include="src\GameApp\Floor.cpp" />
    <ClCompile Include="src\GameApp\Player.cpp" />
    <ClCompile Include="src\GameApp\TileMap.cpp" />
    <ClCompile Include="src\GameApp\Wall.cpp" />
    <ClCompile Include="src\UI\UIButton.cpp" />
    <ClCompile Include="src\UI\UIElement.cpp" />
    <ClCompile Include="src\UI\UIText.cpp" />
    <ClCompile Include="src\EntryPoint.cpp" />
    <ClCompile Include="src\GameApp\LevelSelection.cpp" />
    <ClCompile Include="src\GameApp\MainMenu.cpp" />
    <ClCompile Include="src\GameApp\GamePlay.cpp" />
    <ClCompile Include="src\GameApp\PushTheBox.cpp" />
  </ItemGroup>
</Project>