<?xml version="1.0" encoding="utf-8"?>
<Project ToolsVersion="4.0" xmlns="http://schemas.microsoft.com/developer/msbuild/2003">
  <ItemGroup>
    <Filter Include="Core">
      <UniqueIdentifier>{dc37df81-843e-4590-9ead-6d27742720f6}</UniqueIdentifier>
    </Filter>
    <Filter Include="Debug">
      <UniqueIdentifier>{9e841951-84e5-416e-b3d3-5aa27a944e7e}</UniqueIdentifier>
    </Filter>
    <Filter Include="Entity">
      <UniqueIdentifier>{a624511f-aaa5-4ec4-8876-658b4f7df40e}</UniqueIdentifier>
    </Filter>
    <Filter Include="Game">
      <UniqueIdentifier>{74470431-10cb-48b7-b767-7950b3f3ff4a}</UniqueIdentifier>
    </Filter>
    <Filter Include="UI">
      <UniqueIdentifier>{81a961bd-67c1-4869-af55-b11974309e24}</UniqueIdentifier>
    </Filter>
    <Filter Include="State">
      <UniqueIdentifier>{f59efa96-4bc9-4b12-af17-f1b70f2aadf7}</UniqueIdentifier>
    </Filter>
  </ItemGroup>
  <ItemGroup>
    <ClInclude Include="src\Application.h">
      <Filter>Core</Filter>
    </ClInclude>
    <ClInclude Include="src\AssetsManager.h">
      <Filter>Core</Filter>
    </ClInclude>
    <ClInclude Include="src\Logger.h">
      <Filter>Debug</Filter>
    </ClInclude>
    <ClInclude Include="src\Entity.h">
      <Filter>Entity</Filter>
    </ClInclude>
    <ClInclude Include="src\UIButton.h">
      <Filter>UI</Filter>
    </ClInclude>
    <ClInclude Include="src\StateMainMenu.h">
      <Filter>UI</Filter>
    </ClInclude>
    <ClInclude Include="src\WindowHandle.h">
      <Filter>Core</Filter>
    </ClInclude>
    <ClInclude Include="src\MenuTitle.h">
      <Filter>UI</Filter>
    </ClInclude>
    <ClInclude Include="src\TileMap.h">
      <Filter>Game</Filter>
    </ClInclude>
    <ClInclude Include="src\StatePlaying.h">
      <Filter>Game</Filter>
    </ClInclude>
    <ClInclude Include="src\StatesManager.h">
      <Filter>State</Filter>
    </ClInclude>
    <ClInclude Include="src\State.h">
      <Filter>State</Filter>
    </ClInclude>
    <ClInclude Include="src\Player.h">
      <Filter>Game</Filter>
    </ClInclude>
    <ClInclude Include="src\Wall.h">
      <Filter>Game</Filter>
    </ClInclude>
    <ClInclude Include="src\Box.h">
      <Filter>Game</Filter>
    </ClInclude>
  </ItemGroup>
  <ItemGroup>
    <ClCompile Include="src\Application.cpp">
      <Filter>Core</Filter>
    </ClCompile>
    <ClCompile Include="src\AssetsManager.cpp">
      <Filter>Core</Filter>
    </ClCompile>
    <ClCompile Include="src\Logger.cpp">
      <Filter>Debug</Filter>
    </ClCompile>
    <ClCompile Include="src\EntryPoint.cpp">
      <Filter>Core</Filter>
    </ClCompile>
    <ClCompile Include="src\Entity.cpp">
      <Filter>Entity</Filter>
    </ClCompile>
    <ClCompile Include="src\StateMainMenu.cpp">
      <Filter>UI</Filter>
    </ClCompile>
    <ClCompile Include="src\WindowHandle.cpp">
      <Filter>Core</Filter>
    </ClCompile>
    <ClCompile Include="src\UIButton.cpp">
      <Filter>UI</Filter>
    </ClCompile>
    <ClCompile Include="src\MenuTitle.cpp">
      <Filter>UI</Filter>
    </ClCompile>
    <ClCompile Include="src\TileMap.cpp">
      <Filter>Game</Filter>
    </ClCompile>
    <ClCompile Include="src\StatePlaying.cpp">
      <Filter>Game</Filter>
    </ClCompile>
    <ClCompile Include="src\StatesManager.cpp">
      <Filter>State</Filter>
    </ClCompile>
    <ClCompile Include="src\Wall.cpp">
      <Filter>Game</Filter>
    </ClCompile>
    <ClCompile Include="src\Player.cpp">
      <Filter>Game</Filter>
    </ClCompile>
    <ClCompile Include="src\State.cpp">
      <Filter>State</Filter>
    </ClCompile>
    <ClCompile Include="src\Box.cpp">
      <Filter>Game</Filter>
    </ClCompile>
  </ItemGroup>
</Project>