<?xml version="1.0" encoding="utf-8"?>
<Project ToolsVersion="4.0" xmlns="http://schemas.microsoft.com/developer/msbuild/2003">
  <ItemGroup>
    <ClInclude Include="src\Core\Application.h" />
    <ClInclude Include="src\Core\AssetsManager.h" />
    <ClInclude Include="src\Core\Logger.h" />
    <ClInclude Include="src\Core\Window.h" />
    <ClInclude Include="src\UI\UIButton.h" />
    <ClInclude Include="src\UI\UIElement.h" />
    <ClInclude Include="src\UI\UIText.h" />
    <ClInclude Include="src\Game\GamePlay.h" />
    <ClInclude Include="src\Game\LevelSelection.h" />
    <ClInclude Include="src\Game\MainMenu.h" />
    <ClInclude Include="src\Game\Player.h" />
    <ClInclude Include="src\Game\PushTheBox.h" />
    <ClInclude Include="src\Game\TileMap.h" />
    <ClInclude Include="src\State\State.h" />
    <ClInclude Include="src\State\StatesManager.h" />
    <ClInclude Include="src\Entity\Entity.h" />
    <ClInclude Include="src\Entity\Animation.h" />
    <ClInclude Include="src\Core\Vector2.h" />
    <ClInclude Include="src\Game\LevelEditor\LevelEditorMenu.h" />
    <ClInclude Include="src\UI\UITextBox.h" />
    <ClInclude Include="src\State\Layer.h" />
    <ClInclude Include="src\Game\Tiles\Box.h" />
    <ClInclude Include="src\Game\Tiles\Floor.h" />
    <ClInclude Include="src\Game\Tiles\Wall.h" />
    <ClInclude Include="src\Game\Tiles\Storage.h" />
    <ClInclude Include="src\Game\LevelEditor\Editor.h" />
    <ClInclude Include="src\UI\UISelectBox.h" />
  </ItemGroup>
  <ItemGroup>
    <ClCompile Include="src\Core\Application.cpp" />
    <ClCompile Include="src\Core\AssetsManager.cpp" />
    <ClCompile Include="src\Core\Logger.cpp" />
    <ClCompile Include="src\Core\Window.cpp" />
    <ClCompile Include="src\UI\UIButton.cpp" />
    <ClCompile Include="src\UI\UIElement.cpp" />
    <ClCompile Include="src\UI\UIText.cpp" />
    <ClCompile Include="src\EntryPoint.cpp" />
    <ClCompile Include="src\Game\GamePlay.cpp" />
    <ClCompile Include="src\Game\LevelSelection.cpp" />
    <ClCompile Include="src\Game\MainMenu.cpp" />
    <ClCompile Include="src\Game\Player.cpp" />
    <ClCompile Include="src\Game\PushTheBox.cpp" />
    <ClCompile Include="src\Game\TileMap.cpp" />
    <ClCompile Include="src\State\State.cpp" />
    <ClCompile Include="src\State\StatesManager.cpp" />
    <ClCompile Include="src\Entity\Entity.cpp" />
    <ClCompile Include="src\Entity\Animation.cpp" />
    <ClCompile Include="src\Game\LevelEditor\LevelEditorMenu.cpp" />
    <ClCompile Include="src\UI\UITextBox.cpp" />
    <ClCompile Include="src\State\Layer.cpp" />
    <ClCompile Include="src\Game\Tiles\Box.cpp" />
    <ClCompile Include="src\Game\Tiles\Floor.cpp" />
    <ClCompile Include="src\Game\Tiles\Wall.cpp" />
    <ClCompile Include="src\Game\Tiles\Storage.cpp" />
    <ClCompile Include="src\Game\LevelEditor\Editor.cpp" />
    <ClCompile Include="src\UI\UISelectBox.cpp" />
  </ItemGroup>
</Project>